
Microsoft Visual Studio Solution File, Format Version 12.00
# Visual Studio Version 17
VisualStudioVersion = 17.0.31903.59
MinimumVisualStudioVersion = 10.0.40219.1
Project("{FAE04EC0-301F-11D3-BF4B-00C04F79EFBC}") = "FaculdadeVincitALP.ATV.Cinema", "FaculdadeVincitALP.ATV.Cinema\FaculdadeVincitALP.ATV.Cinema.csproj", "{48736B38-71E7-4B8C-A5FA-8CA400FDB09E}"
EndProject
Global
	GlobalSection(SolutionConfigurationPlatforms) = preSolution
		Debug|Any CPU = Debug|Any CPU
		Release|Any CPU = Release|Any CPU
	EndGlobalSection
	GlobalSection(SolutionProperties) = preSolution
		HideSolutionNode = FALSE
	EndGlobalSection
	GlobalSection(ProjectConfigurationPlatforms) = postSolution
		{48736B38-71E7-4B8C-A5FA-8CA400FDB09E}.Debug|Any CPU.ActiveCfg = Debug|Any CPU
		{48736B38-71E7-4B8C-A5FA-8CA400FDB09E}.Debug|Any CPU.Build.0 = Debug|Any CPU
		{48736B38-71E7-4B8C-A5FA-8CA400FDB09E}.Release|Any CPU.ActiveCfg = Release|Any CPU
		{48736B38-71E7-4B8C-A5FA-8CA400FDB09E}.Release|Any CPU.Build.0 = Release|Any CPU
	EndGlobalSection
EndGlobal
